
Microsoft Visual Studio Solution File, Format Version 12.00
# Visual Studio Version 17
VisualStudioVersion = 17.9.34701.34
MinimumVisualStudioVersion = 10.0.40219.1
Project("{FAE04EC0-301F-11D3-BF4B-00C04F79EFBC}") = "Proffessional-Portfolio", "Proffessional-Portfolio\Proffessional-Portfolio.csproj", "{BDF3E276-45FF-400D-9E95-C5DA56154731}"
EndProject
Global
	GlobalSection(SolutionConfigurationPlatforms) = preSolution
		Debug|Any CPU = Debug|Any CPU
		Release|Any CPU = Release|Any CPU
	EndGlobalSection
	GlobalSection(ProjectConfigurationPlatforms) = postSolution
		{BDF3E276-45FF-400D-9E95-C5DA56154731}.Debug|Any CPU.ActiveCfg = Debug|Any CPU
		{BDF3E276-45FF-400D-9E95-C5DA56154731}.Debug|Any CPU.Build.0 = Debug|Any CPU
		{BDF3E276-45FF-400D-9E95-C5DA56154731}.Release|Any CPU.ActiveCfg = Release|Any CPU
		{BDF3E276-45FF-400D-9E95-C5DA56154731}.Release|Any CPU.Build.0 = Release|Any CPU
	EndGlobalSection
	GlobalSection(SolutionProperties) = preSolution
		HideSolutionNode = FALSE
	EndGlobalSection
	GlobalSection(ExtensibilityGlobals) = postSolution
		SolutionGuid = {3A83CC5B-F8A7-4B86-AEA4-CC01A2DF3070}
	EndGlobalSection
EndGlobal
